{
  "name": "private-package-groups-test",
  "version": "1.0.0",
  "lockfileVersion": 3,
  "requires": true,
  "packages": {
    "": {
      "name": "private-package-groups-test",
      "version": "1.0.0",
      "license": "ISC",
      "workspaces": [
        "packages/*"
      ]
    },
    "node_modules/@depfutest/ppg-one": {
      "resolved": "packages/private-groups-one",
      "link": true
    },
    "node_modules/@depfutest/ppg-two": {
      "resolved": "packages/private-groups-two",
      "link": true
    },
    "node_modules/private-groups-three": {
      "resolved": "packages/private-groups-three",
      "link": true
    },
    "packages/private-groups-one": {
      "name": "@depfutest/ppg-one",
      "version": "1.0.0",
      "license": "ISC"
    },
    "packages/private-groups-three": {
      "version": "1.0.0",
      "license": "ISC",
      "devDependencies": {}
    },
    "packages/private-groups-two": {
      "name": "@depfutest/ppg-two",
      "version": "1.0.0",
      "license": "ISC",
      "devDependencies": {}
    }
  }
}
